{
  "name": "cloudflare-image-mcp",
  "version": "0.1.0",
  "lockfileVersion": 3,
  "requires": true,
  "packages": {
    "": {
      "name": "cloudflare-image-mcp",
      "version": "0.1.0",
      "license": "MIT",
      "devDependencies": {
        "lefthook": "^2.1.16",
        "prettier": "^3.6.2"
      },
      "engines": {
        "node": ">=20.0.0"
      }
    },
    "node_modules/lefthook": {
      "version": "2.1.17",
      "resolved": "https://registry.npmjs.org/lefthook/-/lefthook-2.1.17.tgz",
      "integrity": "sha512-UWpD0VvZNIA2eA/+x4DvFlIT7uxH7aPrPrShE6nsIrX5qHJXxgDkoslAzF73X/YL2o0/9zDw3aOfpr98XchKFw==",
      "dev": true,
      "hasInstallScript": true,
      "license": "MIT",
      "bin": {
        "lefthook": "bin/index.js"
      },
      "optionalDependencies": {
        "lefthook-darwin-arm64": "2.1.17",
        "lefthook-darwin-x64": "2.1.17",
        "lefthook-freebsd-arm64": "2.1.17",
        "lefthook-freebsd-x64": "2.1.17",
        "lefthook-linux-arm64": "2.1.17",
        "lefthook-linux-x64": "2.1.17",
        "lefthook-openbsd-arm64": "2.1.17",
        "lefthook-openbsd-x64": "2.1.17",
        "lefthook-windows-arm64": "2.1.17",
        "lefthook-windows-x64": "2.1.17"
      }
    },
    "node_modules/lefthook-darwin-arm64": {
      "version": "2.1.17",
      "resolved": "https://registry.npmjs.org/lefthook-darwin-arm64/-/lefthook-darwin-arm64-2.1.17.tgz",
      "integrity": "sha512-BHF3rD0qmwBulLLe5EdPYQVGvPibZZqHnSPpWT+LgPyYk2+GxtScLJvSD/NgCOFU49Fzs6XgOHg/zlfXcdKFfQ==",
      "cpu": [
        "arm64"
      ],
      "dev": true,
      "license": "MIT",
      "optional": true,
      "os": [
        "darwin"
      ]
    },
    "node_modules/lefthook-darwin-x64": {
      "version": "2.1.17",
      "resolved": "https://registry.npmjs.org/lefthook-darwin-x64/-/lefthook-darwin-x64-2.1.17.tgz",
      "integrity": "sha512-wRgqAKw2UUQz8eR5pBRo1Cfk2Jaao3u5b6n8EsLcJ6bCVP0pLLhFrNjE1UsTCOlriN7+GgI9SC0l1+zr2eVbTA==",
      "cpu": [
        "x64"
      ],
      "dev": true,
      "license": "MIT",
      "optional": true,
      "os": [
        "darwin"
      ]
    },
    "node_modules/lefthook-freebsd-arm64": {
      "version": "2.1.17",
      "resolved": "https://registry.npmjs.org/lefthook-freebsd-arm64/-/lefthook-freebsd-arm64-2.1.17.tgz",
      "integrity": "sha512-pECdcOu/oImbaQyBbmnQyNhdpu1L/bUageBoHSesDB3+2vyHEd6Q3buTUETrI+/gsL993FK5jHnyzsY1X2IFsQ==",
      "cpu": [
        "arm64"
      ],
      "dev": true,
      "license": "MIT",
      "optional": true,
      "os": [
        "freebsd"
      ]
    },
    "node_modules/lefthook-freebsd-x64": {
      "version": "2.1.17",
      "resolved": "https://registry.npmjs.org/lefthook-freebsd-x64/-/lefthook-freebsd-x64-2.1.17.tgz",
      "integrity": "sha512-+z+GPl4mxZC0AcJICDazAWxExz4f8JPW7rvGUQ4Ao8flfmNUoyenrtsx9PUp00KdI+8zPjIujuLMSIEN52y1hQ==",
      "cpu": [
        "x64"
      ],
      "dev": true,
      "license": "MIT",
      "optional": true,
      "os": [
        "freebsd"
      ]
    },
    "node_modules/lefthook-linux-arm64": {
      "version": "2.1.17",
      "resolved": "https://registry.npmjs.org/lefthook-linux-arm64/-/lefthook-linux-arm64-2.1.17.tgz",
      "integrity": "sha512-q01FgqafSJo4WQ6rHj4J1AUe8WLlReZ4Sx5qIjdXMjFuQsbLKlaWUWnJMmZkQQwsi195zDGtOycU44c0vozPiw==",
      "cpu": [
        "arm64"
      ],
      "dev": true,
      "license": "MIT",
      "optional": true,
      "os": [
        "linux"
      ]
    },
    "node_modules/lefthook-linux-x64": {
      "version": "2.1.17",
      "resolved": "https://registry.npmjs.org/lefthook-linux-x64/-/lefthook-linux-x64-2.1.17.tgz",
      "integrity": "sha512-NyWgJyhmkPspgnhNSvkusKNjCyOOnwiE/IFKkAFkMNfTlst0Dv3UVNxe0e/DlgsGbbFLVieFKhwd4twI2RKoOQ==",
      "cpu": [
        "x64"
      ],
      "dev": true,
      "license": "MIT",
      "optional": true,
      "os": [
        "linux"
      ]
    },
    "node_modules/lefthook-openbsd-arm64": {
      "version": "2.1.17",
      "resolved": "https://registry.npmjs.org/lefthook-openbsd-arm64/-/lefthook-openbsd-arm64-2.1.17.tgz",
      "integrity": "sha512-zhIY2sel/yHeIJbQfnlAx+xnIJf6Yh0/RG/Ont33VzCXrzMf4jczQwEAu6VdAD7Ms/Tiv3b9t8aTk7LrU4byJA==",
      "cpu": [
        "arm64"
      ],
      "dev": true,
      "license": "MIT",
      "optional": true,
      "os": [
        "openbsd"
      ]
    },
    "node_modules/lefthook-openbsd-x64": {
      "version": "2.1.17",
      "resolved": "https://registry.npmjs.org/lefthook-openbsd-x64/-/lefthook-openbsd-x64-2.1.17.tgz",
      "integrity": "sha512-aHGnjzyyFBOQEJjmie7px67nNVRUJ+DUG2R/BOSABdH/sGwVYLg6GG0pjnSUkWPoIv3T+CFoG9YcGYO+h3MLoQ==",
      "cpu": [
        "x64"
      ],
      "dev": true,
      "license": "MIT",
      "optional": true,
      "os": [
        "openbsd"
      ]
    },
    "node_modules/lefthook-windows-arm64": {
      "version": "2.1.17",
      "resolved": "https://registry.npmjs.org/lefthook-windows-arm64/-/lefthook-windows-arm64-2.1.17.tgz",
      "integrity": "sha512-NN6Ke+O019lhlGAbrbFDf719E4vGt0Y0O30Gr5Yoe3ZdFW6qQFOlP+gVq/shFvJ7iw6rFA/xyOu6wgM+Lytimg==",
      "cpu": [
        "arm64"
      ],
      "dev": true,
      "license": "MIT",
      "optional": true,
      "os": [
        "win32"
      ]
    },
    "node_modules/lefthook-windows-x64": {
      "version": "2.1.17",
      "resolved": "https://registry.npmjs.org/lefthook-windows-x64/-/lefthook-windows-x64-2.1.17.tgz",
      "integrity": "sha512-yV07jCYAzqr4UoMFtVs5frVgKzxppWd/tjr6OpXpxYqB47fomx3w9vxgEOlb2opODFTFm2wdeESLfwVO9Cy/DQ==",
      "cpu": [
        "x64"
      ],
      "dev": true,
      "license": "MIT",
      "optional": true,
      "os": [
        "win32"
      ]
    },
    "node_modules/prettier": {
      "version": "3.9.9",
      "resolved": "https://registry.npmjs.org/prettier/-/prettier-3.9.9.tgz",
      "integrity": "sha512-Z/CJHIkdujO/OtN7nXUii0Rf3VT5SRuhjBA82Xvu2XhBUgX3nhP67T0LHceBdQLex7OOFGTox+Q5Yg8Jk2Qivg==",
      "dev": true,
      "license": "MIT",
      "bin": {
        "prettier": "bin/prettier.cjs"
      },
      "engines": {
        "node": ">=14"
      },
      "funding": {
        "url": "https://github.com/prettier/prettier?sponsor=1"
      }
    }
  }
}
